<Solution>
  <Project Path="KifuwarabeGo2026.FormalAdapter.Cgos/KifuwarabeGo2026.FormalAdapter.Cgos.csproj" />
  <Project Path="KifuwarabeGo2026.Tests.FormalAdapter.Cgos/KifuwarabeGo2026.Tests.FormalAdapter.Cgos.csproj" />
  <Project Path="KifuwarabeGo2026.FormalAdapter.Csa/KifuwarabeGo2026.FormalAdapter.Csa.csproj" />
  <Project Path="KifuwarabeGo2026.FormalAdapter.Gtp/KifuwarabeGo2026.FormalAdapter.Gtp.csproj" />
  <Project Path="KifuwarabeGo2026.FormalAdapter.Kif/KifuwarabeGo2026.FormalAdapter.Kif.csproj" />
  <Project Path="KifuwarabeGo2026.FormalAdapter.Sgf/KifuwarabeGo2026.FormalAdapter.Sgf.csproj" />
  <Project Path="KifuwarabeGo2026.Tests.FormalAdapter.Sgf/KifuwarabeGo2026.Tests.FormalAdapter.Sgf.csproj" />
  <Project Path="KifuwarabeGo2026.FormalAdapter.Usi/KifuwarabeGo2026.FormalAdapter.Usi.csproj" />
  <Project Path="KifuwarabeGo2026.Reference.Communication.Gtp.Host/KifuwarabeGo2026.Reference.Communication.Gtp.Host.csproj" />
  <Project Path="KifuwarabeGo2026.GameOasis.Contracts/KifuwarabeGo2026.GameOasis.Contracts.csproj" />
  <Project Path="KifuwarabeGo2026.GameOasis.Concierge/KifuwarabeGo2026.GameOasis.Concierge.csproj" />
  <Project Path="KifuwarabeGo2026.GameOasis.Application/KifuwarabeGo2026.GameOasis.Application.csproj" />
  <Project Path="KifuwarabeGo2026.GameOasis.Storage/KifuwarabeGo2026.GameOasis.Storage.csproj" />
  <Project Path="KifuwarabeGo2026.LobbyEngine/KifuwarabeGo2026.LobbyEngine.csproj" />
  <Project Path="KifuwarabeGo2026.LobbyEngine.JsonLines/KifuwarabeGo2026.LobbyEngine.JsonLines.csproj" />
  <Project Path="KifuwarabeGo2026.LobbyEngine.JsonLinesHost/KifuwarabeGo2026.LobbyEngine.JsonLinesHost.csproj" />
  <Project Path="KifuwarabeGo2026.LobbyGui/KifuwarabeGo2026.LobbyGui.csproj" />
  <Project Path="KifuwarabeGo2026.Reference.PlaySpace.Go.GtpExtensions/KifuwarabeGo2026.Reference.PlaySpace.Go.GtpExtensions.csproj" />
  <Project Path="KifuwarabeGo2026.Tests.GameOasis.Gui.Portability/KifuwarabeGo2026.Tests.GameOasis.Gui.Portability.csproj" />
  <Project Path="KifuwarabeGo2026.GameOasis.Gui.Windows/KifuwarabeGo2026.GameOasis.Gui.Windows.csproj" />
  <Project Path="KifuwarabeGo2026.Tests.GameOasis.Gui.Windows/KifuwarabeGo2026.Tests.GameOasis.Gui.Windows.csproj" />
  <Project Path="KifuwarabeGo2026.GameOasis.Gui/KifuwarabeGo2026.GameOasis.Gui.csproj" />
  <Project Path="KifuwarabeGo2026.LauncherGui/KifuwarabeGo2026.LauncherGui.csproj" />
  <Project Path="KifuwarabeGo2026.LauncherGui.Platform/KifuwarabeGo2026.LauncherGui.Platform.csproj" />
  <Project Path="KifuwarabeGo2026.LauncherGui.Presentation/KifuwarabeGo2026.LauncherGui.Presentation.csproj" />
  <Project Path="KifuwarabeGo2026.LauncherEngine/KifuwarabeGo2026.LauncherEngine.csproj" />
  <Project Path="KifuwarabeGo2026.LauncherEngine.Platform/KifuwarabeGo2026.LauncherEngine.Platform.csproj" />
  <Project Path="KifuwarabeGo2026.LauncherEngine.JsonLines/KifuwarabeGo2026.LauncherEngine.JsonLines.csproj" />
  <Project Path="KifuwarabeGo2026.LauncherEngine.JsonLinesHost/KifuwarabeGo2026.LauncherEngine.JsonLinesHost.csproj" />
  <Project Path="KifuwarabeGo2026.Tests.LauncherEngine/KifuwarabeGo2026.Tests.LauncherEngine.csproj" />
  <Project Path="KifuwarabeGo2026.Tests.LobbyEngine/KifuwarabeGo2026.Tests.LobbyEngine.csproj" />
  <Project Path="KifuwarabeGo2026.Reference.PlayRoomEngine.Ponnuki/KifuwarabeGo2026.Reference.PlayRoomEngine.Ponnuki.csproj" />
  <Project Path="KifuwarabeGo2026.PlaySpace.JsonLines/KifuwarabeGo2026.PlaySpace.JsonLines.csproj" />
  <Project Path="KifuwarabeGo2026.Reference.PlaySpace.JsonLinesHost/KifuwarabeGo2026.Reference.PlaySpace.JsonLinesHost.csproj" />
  <Project Path="KifuwarabeGo2026.Tests.PlaySpace.JsonLines/KifuwarabeGo2026.Tests.PlaySpace.JsonLines.csproj" />
  <Project Path="KifuwarabeGo2026.PlaySpace.Conformance/KifuwarabeGo2026.PlaySpace.Conformance.csproj" />
  <Project Path="Samples/External.PlaySpace.Counter/External.PlaySpace.Counter.csproj" />
  <Project Path="KifuwarabeGo2026.PlayRoom.JsonLines/KifuwarabeGo2026.PlayRoom.JsonLines.csproj" />
  <Project Path="KifuwarabeGo2026.PlayRoom.BoardEditor.JsonLinesHost/KifuwarabeGo2026.PlayRoom.BoardEditor.JsonLinesHost.csproj" />
  <Project Path="KifuwarabeGo2026.PlayRoom.Review.JsonLinesHost/KifuwarabeGo2026.PlayRoom.Review.JsonLinesHost.csproj" />
  <Project Path="KifuwarabeGo2026.PlayRoom.Match.JsonLinesHost/KifuwarabeGo2026.PlayRoom.Match.JsonLinesHost.csproj" />
  <Project Path="KifuwarabeGo2026.Tests.PlayRoom.JsonLines/KifuwarabeGo2026.Tests.PlayRoom.JsonLines.csproj" />
  <Project Path="KifuwarabeGo2026.Reference.PlayDomain.Go/KifuwarabeGo2026.Reference.PlayDomain.Go.csproj" />
  <Project Path="KifuwarabeGo2026.Reference.PlayerEngine/KifuwarabeGo2026.Reference.PlayerEngine.csproj" />
  <Project Path="KifuwarabeGo2026.Reference.Communication.Gtp/KifuwarabeGo2026.Reference.Communication.Gtp.csproj" />
  <Project Path="KifuwarabeGo2026.Reference.PlayRoomGui.Common/KifuwarabeGo2026.Reference.PlayRoomGui.Common.csproj" />
  <Project Path="KifuwarabeGo2026.Reference.PlayRoomGui.Go/KifuwarabeGo2026.Reference.PlayRoomGui.Go.csproj" />
  <Project Path="KifuwarabeGo2026.Reference.PlayRoomEngine.Go/KifuwarabeGo2026.Reference.PlayRoomEngine.Go.csproj" />
  <Project Path="KifuwarabeGo2026.StationeryUI/KifuwarabeGo2026.StationeryUI.csproj" />
  <Project Path="KifuwarabeGo2026.Tests.Reference.PlayRoomEngine.Ponnuki/KifuwarabeGo2026.Tests.Reference.PlayRoomEngine.Ponnuki.csproj" />
  <Project Path="KifuwarabeGo2026.Tests.Reference.PlayRoomEngine.Go/KifuwarabeGo2026.Tests.Reference.PlayRoomEngine.Go.csproj" />
  <Project Path="KifuwarabeGo2026.Tests.Reference.PlayerEngine/KifuwarabeGo2026.Tests.Reference.PlayerEngine.csproj" />
  <Project Path="KifuwarabeGo2026.Tests.Reference.Communication.Gtp/KifuwarabeGo2026.Tests.Reference.Communication.Gtp.csproj" />
  <Project Path="KifuwarabeGo2026.Tests.GameOasis.Concierge/KifuwarabeGo2026.Tests.GameOasis.Concierge.csproj" />
  <Project Path="KifuwarabeGo2026.Tests.GameOasis.Contracts/KifuwarabeGo2026.Tests.GameOasis.Contracts.csproj" />
  <Project Path="KifuwarabeGo2026.Tests.GameOasis.Integration.ProtocolM/KifuwarabeGo2026.Tests.GameOasis.Integration.ProtocolM.csproj" />
  <Project Path="KifuwarabeGo2026.Tests.GameOasis.Integration.ProtocolG/KifuwarabeGo2026.Tests.GameOasis.Integration.ProtocolG.csproj" />
  <Project Path="KifuwarabeGo2026.Tests.GameOasis.Integration.ProtocolP/KifuwarabeGo2026.Tests.GameOasis.Integration.ProtocolP.csproj" />
</Solution>
