<Solution>
  <Project Path="KifuwarabeGo2026.Engine/KifuwarabeGo2026.Engine.csproj" />
  <Project Path="KifuwarabeGo2026.GameOasis.Contracts/KifuwarabeGo2026.GameOasis.Contracts.csproj" />
  <Project Path="KifuwarabeGo2026.GameOasis.Concierge/KifuwarabeGo2026.GameOasis.Concierge.csproj" />
  <Project Path="KifuwarabeGo2026.GtpExtensions/KifuwarabeGo2026.GtpExtensions.csproj" />
  <Project Path="KifuwarabeGo2026.Gui.Communication.Cgos/KifuwarabeGo2026.Gui.Communication.Cgos.csproj" />
  <Project Path="KifuwarabeGo2026.Gui.PortabilitySmoke/KifuwarabeGo2026.Gui.PortabilitySmoke.csproj" />
  <Project Path="KifuwarabeGo2026.Gui.Windows/KifuwarabeGo2026.Gui.Windows.csproj" />
  <Project Path="KifuwarabeGo2026.Gui.WindowsSmoke/KifuwarabeGo2026.Gui.WindowsSmoke.csproj" />
  <Project Path="KifuwarabeGo2026.Gui/KifuwarabeGo2026.Gui.Core.csproj" />
  <Project Path="KifuwarabeGo2026.Launcher/KifuwarabeGo2026.Launcher.csproj" />
  <Project Path="KifuwarabeGo2026.Launcher.Core/KifuwarabeGo2026.Launcher.Core.csproj" />
  <Project Path="KifuwarabeGo2026.Launcher.Platform/KifuwarabeGo2026.Launcher.Platform.csproj" />
  <Project Path="KifuwarabeGo2026.Launcher.Presentation/KifuwarabeGo2026.Launcher.Presentation.csproj" />
  <Project Path="KifuwarabeGo2026.LauncherSmoke/KifuwarabeGo2026.LauncherSmoke.csproj" />
  <Project Path="KifuwarabeGo2026.Match/KifuwarabeGo2026.Match.csproj" />
  <Project Path="KifuwarabeGo2026.Reference.PlaySpace.Ponnuki/KifuwarabeGo2026.Reference.PlaySpace.Ponnuki.csproj" />
  <Project Path="KifuwarabeGo2026.Shared/KifuwarabeGo2026.Shared.csproj" />
  <Project Path="KifuwarabeGo2026.StationeryUI/KifuwarabeGo2026.StationeryUI.csproj" />
  <Project Path="KifuwarabeGo2026.Tests.Reference.PlaySpace.Ponnuki/KifuwarabeGo2026.Tests.Reference.PlaySpace.Ponnuki.csproj" />
  <Project Path="KifuwarabeGo2026.Tests.GameOasis.Concierge/KifuwarabeGo2026.Tests.GameOasis.Concierge.csproj" />
  <Project Path="KifuwarabeGo2026.Tests.GameOasis.Contracts/KifuwarabeGo2026.Tests.GameOasis.Contracts.csproj" />
  <Project Path="KifuwarabeGo2026.Tests.GameOasis.ProtocolM/KifuwarabeGo2026.Tests.GameOasis.ProtocolM.csproj" />
  <Project Path="KifuwarabeGo2026.Tests.GameOasis.ProtocolG/KifuwarabeGo2026.Tests.GameOasis.ProtocolG.csproj" />
  <Project Path="KifuwarabeGo2026.Tests.GameOasis.ProtocolP/KifuwarabeGo2026.Tests.GameOasis.ProtocolP.csproj" />
</Solution>
