<Solution>
  <Project Path="KifuwarabeGo2026.Engine/KifuwarabeGo2026.Engine.csproj" />
  <Project Path="KifuwarabeGo2026.GtpExtensions/KifuwarabeGo2026.GtpExtensions.csproj" />
  <Project Path="KifuwarabeGo2026.Gui.Communication.Cgos/KifuwarabeGo2026.Gui.Communication.Cgos.csproj" />
  <Project Path="KifuwarabeGo2026.Gui.PortabilitySmoke/KifuwarabeGo2026.Gui.PortabilitySmoke.csproj" />
  <Project Path="KifuwarabeGo2026.Gui.Windows/KifuwarabeGo2026.Gui.Windows.csproj" />
  <Project Path="KifuwarabeGo2026.Gui.WindowsSmoke/KifuwarabeGo2026.Gui.WindowsSmoke.csproj" />
  <Project Path="KifuwarabeGo2026.Gui/KifuwarabeGo2026.Gui.Core.csproj" />
  <Project Path="KifuwarabeGo2026.Launcher/KifuwarabeGo2026.Launcher.csproj" />
  <Project Path="KifuwarabeGo2026.LauncherSmoke/KifuwarabeGo2026.LauncherSmoke.csproj" />
  <Project Path="KifuwarabeGo2026.Match/KifuwarabeGo2026.Match.csproj" />
  <Project Path="KifuwarabeGo2026.Shared/KifuwarabeGo2026.Shared.csproj" />
  <Project Path="KifuwarabeGo2026.StationeryUI/KifuwarabeGo2026.StationeryUI.csproj" />
</Solution>
